PODS:
  - Flutter (1.0.0)
  - haptic_feedback (0.4.2):
    - Flutter
  - location (0.0.1):
    - Flutter
  - path_provider_foundation (0.0.1):
    - Flutter
    - FlutterMacOS
  - permission_handler_apple (9.1.1):
    - Flutter
  - sf_symbols (0.0.1):
    - Flutter

DEPENDENCIES:
  - Flutter (from `Flutter`)
  - haptic_feedback (from `.symlinks/plugins/haptic_feedback/ios`)
  - location (from `.symlinks/plugins/location/ios`)
  - path_provider_foundation (from `.symlinks/plugins/path_provider_foundation/darwin`)
  - permission_handler_apple (from `.symlinks/plugins/permission_handler_apple/ios`)
  - sf_symbols (from `.symlinks/plugins/sf_symbols/ios`)

EXTERNAL SOURCES:
  Flutter:
    :path: Flutter
  haptic_feedback:
    :path: ".symlinks/plugins/haptic_feedback/ios"
  location:
    :path: ".symlinks/plugins/location/ios"
  path_provider_foundation:
    :path: ".symlinks/plugins/path_provider_foundation/darwin"
  permission_handler_apple:
    :path: ".symlinks/plugins/permission_handler_apple/ios"
  sf_symbols:
    :path: ".symlinks/plugins/sf_symbols/ios"

SPEC CHECKSUMS:
  Flutter: f04841e97a9d0b0a8025694d0796dd46242b2854
  haptic_feedback: ccbfbef39de4757f4bdf0ef03e7dfb3ffb4363d3
  location: d5cf8598915965547c3f36761ae9cc4f4e87d22e
  path_provider_foundation: 29f094ae23ebbca9d3d0cec13889cd9060c0e943
  permission_handler_apple: e76247795d700c14ea09e3a2d8855d41ee80a2e6
  sf_symbols: 84365e389895263a28c58be12a5ddedb7182cc4e

PODFILE CHECKSUM: 70d9d25280d0dd177a5f637cdb0f0b0b12c6a189

COCOAPODS: 1.12.1
